{
  "requires": true,
  "lockfileVersion": 1,
  "dependencies": {
    "markdown-to-jsx": {
      "version": "7.1.0",
      "resolved": "https://registry.npmjs.org/markdown-to-jsx/-/markdown-to-jsx-7.1.0.tgz",
      "integrity": "sha512-f0LxzbmLfInOSmTC/BaMB44RVmPN2cQom9D4pQzp6c5pOmO0yjxWMDJs78JSSLmncn+bi0Qy0VlJjsRVk8AUpg=="
    }
  }
}
